
Microsoft Visual Studio Solution File, Format Version 12.00
# Visual Studio Version 16
VisualStudioVersion = 16.0.29306.81
MinimumVisualStudioVersion = 10.0.40219.1
Project("{FAE04EC0-301F-11D3-BF4B-00C04F79EFBC}") = "CA191003CR", "CA191003CR\CA191003CR.csproj", "{4C247928-77A2-45E2-890D-E9A38D6BB367}"
EndProject
Global
	GlobalSection(SolutionConfigurationPlatforms) = preSolution
		Debug|Any CPU = Debug|Any CPU
		Release|Any CPU = Release|Any CPU
	EndGlobalSection
	GlobalSection(ProjectConfigurationPlatforms) = postSolution
		{4C247928-77A2-45E2-890D-E9A38D6BB367}.Debug|Any CPU.ActiveCfg = Debug|Any CPU
		{4C247928-77A2-45E2-890D-E9A38D6BB367}.Debug|Any CPU.Build.0 = Debug|Any CPU
		{4C247928-77A2-45E2-890D-E9A38D6BB367}.Release|Any CPU.ActiveCfg = Release|Any CPU
		{4C247928-77A2-45E2-890D-E9A38D6BB367}.Release|Any CPU.Build.0 = Release|Any CPU
	EndGlobalSection
	GlobalSection(SolutionProperties) = preSolution
		HideSolutionNode = FALSE
	EndGlobalSection
	GlobalSection(ExtensibilityGlobals) = postSolution
		SolutionGuid = {E4EDDFC4-C7C9-4425-9144-6B78E4CECE5F}
	EndGlobalSection
EndGlobal
